
Microsoft Visual Studio Solution File, Format Version 12.00
# Visual Studio 2012
Project("{FAE04EC0-301F-11D3-BF4B-00C04F79EFBC}") = "ReferenceAndValueTypes", "ReferenceAndValueTypes\ReferenceAndValueTypes.csproj", "{9E217FA9-D5A5-4B73-99A2-D763E1DABB09}"
EndProject
Global
	GlobalSection(SolutionConfigurationPlatforms) = preSolution
		Debug|x86 = Debug|x86
		Release|x86 = Release|x86
	EndGlobalSection
	GlobalSection(ProjectConfigurationPlatforms) = postSolution
		{9E217FA9-D5A5-4B73-99A2-D763E1DABB09}.Debug|x86.ActiveCfg = Debug|x86
		{9E217FA9-D5A5-4B73-99A2-D763E1DABB09}.Debug|x86.Build.0 = Debug|x86
		{9E217FA9-D5A5-4B73-99A2-D763E1DABB09}.Release|x86.ActiveCfg = Release|x86
		{9E217FA9-D5A5-4B73-99A2-D763E1DABB09}.Release|x86.Build.0 = Release|x86
	EndGlobalSection
EndGlobal
