
Microsoft Visual Studio Solution File, Format Version 12.00
# Visual Studio 2012
Project("{FAE04EC0-301F-11D3-BF4B-00C04F79EFBC}") = "Arrays", "Arrays\Arrays.csproj", "{30E3C25A-8A88-4D51-8FE9-4E9625EF8CB7}"
EndProject
Global
	GlobalSection(SolutionConfigurationPlatforms) = preSolution
		Debug|x86 = Debug|x86
		Release|x86 = Release|x86
	EndGlobalSection
	GlobalSection(ProjectConfigurationPlatforms) = postSolution
		{30E3C25A-8A88-4D51-8FE9-4E9625EF8CB7}.Debug|x86.ActiveCfg = Debug|x86
		{30E3C25A-8A88-4D51-8FE9-4E9625EF8CB7}.Debug|x86.Build.0 = Debug|x86
		{30E3C25A-8A88-4D51-8FE9-4E9625EF8CB7}.Release|x86.ActiveCfg = Release|x86
		{30E3C25A-8A88-4D51-8FE9-4E9625EF8CB7}.Release|x86.Build.0 = Release|x86
	EndGlobalSection
EndGlobal
