
Microsoft Visual Studio Solution File, Format Version 12.00
# Visual Studio 2012
Project("{FAE04EC0-301F-11D3-BF4B-00C04F79EFBC}") = "DateTime", "DateTime\DateTime.csproj", "{60623FB1-7ED9-4611-86B7-4E87BC328C59}"
EndProject
Global
	GlobalSection(SolutionConfigurationPlatforms) = preSolution
		Debug|Any CPU = Debug|Any CPU
		Release|Any CPU = Release|Any CPU
	EndGlobalSection
	GlobalSection(ProjectConfigurationPlatforms) = postSolution
		{60623FB1-7ED9-4611-86B7-4E87BC328C59}.Debug|Any CPU.ActiveCfg = Debug|Any CPU
		{60623FB1-7ED9-4611-86B7-4E87BC328C59}.Debug|Any CPU.Build.0 = Debug|Any CPU
		{60623FB1-7ED9-4611-86B7-4E87BC328C59}.Release|Any CPU.ActiveCfg = Release|Any CPU
		{60623FB1-7ED9-4611-86B7-4E87BC328C59}.Release|Any CPU.Build.0 = Release|Any CPU
	EndGlobalSection
EndGlobal
