
Microsoft Visual Studio Solution File, Format Version 12.00
# Visual Studio 2012
Project("{FAE04EC0-301F-11D3-BF4B-00C04F79EFBC}") = "Text-Summaries", "Text-Summaries\Text-Summaries.csproj", "{184E9482-D42E-46CC-86AA-F6CB0EEBC7C6}"
EndProject
Global
	GlobalSection(SolutionConfigurationPlatforms) = preSolution
		Debug|Any CPU = Debug|Any CPU
		Release|Any CPU = Release|Any CPU
	EndGlobalSection
	GlobalSection(ProjectConfigurationPlatforms) = postSolution
		{184E9482-D42E-46CC-86AA-F6CB0EEBC7C6}.Debug|Any CPU.ActiveCfg = Debug|Any CPU
		{184E9482-D42E-46CC-86AA-F6CB0EEBC7C6}.Debug|Any CPU.Build.0 = Debug|Any CPU
		{184E9482-D42E-46CC-86AA-F6CB0EEBC7C6}.Release|Any CPU.ActiveCfg = Release|Any CPU
		{184E9482-D42E-46CC-86AA-F6CB0EEBC7C6}.Release|Any CPU.Build.0 = Release|Any CPU
	EndGlobalSection
EndGlobal
